{
  "name": "Laboratory-Database",
  "lockfileVersion": 3,
  "requires": true,
  "packages": {
    "": {
      "dependencies": {
        "@fontsource/zen-tokyo-zoo": "^5.0.8"
      }
    },
    "node_modules/@fontsource/zen-tokyo-zoo": {
      "version": "5.0.8",
      "resolved": "https://registry.npmjs.org/@fontsource/zen-tokyo-zoo/-/zen-tokyo-zoo-5.0.8.tgz",
      "integrity": "sha512-ramUKB6tqDdL4JtyOUELm/umiP1w22a1uhsexGYV4cYFvYPfW9oKQKNTvAhqxxybx00T1knpoNKnH1j6ZoEO1w=="
    }
  }
}
